{
    "_readme": [
        "This file locks the dependencies of your project to a known state",
        "Read more about it at https://getcomposer.org/doc/01-basic-usage.md#installing-dependencies",
        "This file is @generated automatically"
    ],
    "content-hash": "c66c2621a061ec3b85158ac39196e608",
    "packages": [
        {
            "name": "pantheion/filesystem",
            "version": "dev-master",
            "source": {
                "type": "git",
                "url": "https://github.com/pantheion/filesystem.git",
                "reference": "e7a212ede0c773656b5aa05bb899a7e7e79d92ed"
            },
            "dist": {
                "type": "zip",
                "url": "https://api.github.com/repos/pantheion/filesystem/zipball/e7a212ede0c773656b5aa05bb899a7e7e79d92ed",
                "reference": "e7a212ede0c773656b5aa05bb899a7e7e79d92ed",
                "shasum": ""
            },
            "type": "library",
            "autoload": {
                "psr-4": {
                    "Pantheion\\Filesystem\\": ""
                }
            },
            "notification-url": "https://packagist.org/downloads/",
            "authors": [
                {
                    "name": "Pedro Miguel",
                    "email": "pedro.aos19@gmail.com"
                }
            ],
            "description": "Filesystem",
            "time": "2020-07-26T16:04:37+00:00"
        }
    ],
    "packages-dev": [],
    "aliases": [],
    "minimum-stability": "dev",
    "stability-flags": {
        "pantheion/filesystem": 20
    },
    "prefer-stable": false,
    "prefer-lowest": false,
    "platform": [],
    "platform-dev": [],
    "plugin-api-version": "1.1.0"
}
